// !$*UTF8*$!
{
	archiveVersion = 1;
	classes = {
	};
	objectVersion = 50;
	objects = {

/* Begin PBXBuildFile section */
		FC01CB78260613DA00B865D9 /* AppDelegate.swift in Sources */ = {isa = PBXBuildFile; fileRef = FC01CB77260613DA00B865D9 /* AppDelegate.swift */; };
		FC01CB81260613DC00B865D9 /* Assets.xcassets in Resources */ = {isa = PBXBuildFile; fileRef = FC01CB80260613DC00B865D9 /* Assets.xcassets */; };
		FC01CB84260613DC00B865D9 /* LaunchScreen.storyboard in Resources */ = {isa = PBXBuildFile; fileRef = FC01CB82260613DC00B865D9 /* LaunchScreen.storyboard */; };
		FC01CB8F260613DC00B865D9 /* SHMBTests.swift in Sources */ = {isa = PBXBuildFile; fileRef = FC01CB8E260613DC00B865D9 /* SHMBTests.swift */; };
		FC01CB9A260613DC00B865D9 /* SHMBUITests.swift in Sources */ = {isa = PBXBuildFile; fileRef = FC01CB99260613DC00B865D9 /* SHMBUITests.swift */; };
		FC01CBC62606190500B865D9 /* ServiceProvider.swift in Sources */ = {isa = PBXBuildFile; fileRef = FC01CBC52606190500B865D9 /* ServiceProvider.swift */; };
		FC01CBD8260619FB00B865D9 /* StocksViewController.swift in Sources */ = {isa = PBXBuildFile; fileRef = FC01CBD6260619FB00B865D9 /* StocksViewController.swift */; };
		FC01CBE726061A2200B865D9 /* StocksCollectionViewCell.swift in Sources */ = {isa = PBXBuildFile; fileRef = FC01CBE526061A2200B865D9 /* StocksCollectionViewCell.swift */; };
		FC01CBE826061A2200B865D9 /* StocksCollectionViewCell.xib in Resources */ = {isa = PBXBuildFile; fileRef = FC01CBE626061A2200B865D9 /* StocksCollectionViewCell.xib */; };
		FC01CBED26061A6500B865D9 /* L10n.swift in Sources */ = {isa = PBXBuildFile; fileRef = FC01CBEC26061A6500B865D9 /* L10n.swift */; };
		FC01CC022606310400B865D9 /* StocksPresenter.swift in Sources */ = {isa = PBXBuildFile; fileRef = FC01CC012606310400B865D9 /* StocksPresenter.swift */; };
		FC01CC102606339D00B865D9 /* StocksView.swift in Sources */ = {isa = PBXBuildFile; fileRef = FC01CC0F2606339D00B865D9 /* StocksView.swift */; };
		FC01CC18260633C300B865D9 /* StocksInfo.swift in Sources */ = {isa = PBXBuildFile; fileRef = FC01CC17260633C300B865D9 /* StocksInfo.swift */; };
		FC01CC2A26071B3700B865D9 /* AppStyle.swift in Sources */ = {isa = PBXBuildFile; fileRef = FC01CC2926071B3700B865D9 /* AppStyle.swift */; };
		FC01CC492608AB9000B865D9 /* SearchBarCollectionReusableView.swift in Sources */ = {isa = PBXBuildFile; fileRef = FC01CC472608AB9000B865D9 /* SearchBarCollectionReusableView.swift */; };
		FC01CC4A2608AB9000B865D9 /* SearchBarCollectionReusableView.xib in Resources */ = {isa = PBXBuildFile; fileRef = FC01CC482608AB9000B865D9 /* SearchBarCollectionReusableView.xib */; };
		FC0B6CCB260F1FDB00072E13 /* ErrorInfo.swift in Sources */ = {isa = PBXBuildFile; fileRef = FC0B6CCA260F1FDB00072E13 /* ErrorInfo.swift */; };
		FC0B6CD0260F1FE300072E13 /* EmptyInfo.swift in Sources */ = {isa = PBXBuildFile; fileRef = FC0B6CCF260F1FE300072E13 /* EmptyInfo.swift */; };
		FC0B6CD5260F1FE900072E13 /* LoadingInfo.swift in Sources */ = {isa = PBXBuildFile; fileRef = FC0B6CD4260F1FE900072E13 /* LoadingInfo.swift */; };
		FC3375EA260F7C870052DFB6 /* PersistentStoreUserDefaultsImpl.swift in Sources */ = {isa = PBXBuildFile; fileRef = FC3375E9260F7C870052DFB6 /* PersistentStoreUserDefaultsImpl.swift */; };
		FC3375FA260F8B210052DFB6 /* Atomic.swift in Sources */ = {isa = PBXBuildFile; fileRef = FC3375F9260F8B210052DFB6 /* Atomic.swift */; };
		FC56FE2C2608C3A70029B659 /* l10n.strings in Resources */ = {isa = PBXBuildFile; fileRef = FC01CBF826061EF900B865D9 /* l10n.strings */; };
		FC56FE362608CAAC0029B659 /* StocksSegmentCollectionReusableView.swift in Sources */ = {isa = PBXBuildFile; fileRef = FC56FE342608CAAC0029B659 /* StocksSegmentCollectionReusableView.swift */; };
		FC56FE372608CAAC0029B659 /* StocksSegmentCollectionReusableView.xib in Resources */ = {isa = PBXBuildFile; fileRef = FC56FE352608CAAC0029B659 /* StocksSegmentCollectionReusableView.xib */; };
		FC56FE41260908490029B659 /* WebClient.swift in Sources */ = {isa = PBXBuildFile; fileRef = FC56FE40260908490029B659 /* WebClient.swift */; };
		FC56FE48260921DF0029B659 /* StocksErrorCollectionViewCell.swift in Sources */ = {isa = PBXBuildFile; fileRef = FC56FE47260921DF0029B659 /* StocksErrorCollectionViewCell.swift */; };
		FC56FE50260922830029B659 /* StocksErrorCollectionViewCell.xib in Resources */ = {isa = PBXBuildFile; fileRef = FC56FE4F260922830029B659 /* StocksErrorCollectionViewCell.xib */; };
		FC56FE562609E1D70029B659 /* UIView.swift in Sources */ = {isa = PBXBuildFile; fileRef = FC56FE552609E1D70029B659 /* UIView.swift */; };
		FC56FE5C2609E3790029B659 /* StocksEmptyCollectionViewCell.swift in Sources */ = {isa = PBXBuildFile; fileRef = FC56FE5A2609E3790029B659 /* StocksEmptyCollectionViewCell.swift */; };
		FC56FE5D2609E3790029B659 /* StocksEmptyCollectionViewCell.xib in Resources */ = {isa = PBXBuildFile; fileRef = FC56FE5B2609E3790029B659 /* StocksEmptyCollectionViewCell.xib */; };
		FC56FE642609E81C0029B659 /* StocksLoadingCollectionViewCell.swift in Sources */ = {isa = PBXBuildFile; fileRef = FC56FE622609E81C0029B659 /* StocksLoadingCollectionViewCell.swift */; };
		FC56FE652609E81C0029B659 /* StocksLoadingCollectionViewCell.xib in Resources */ = {isa = PBXBuildFile; fileRef = FC56FE632609E81C0029B659 /* StocksLoadingCollectionViewCell.xib */; };
		FC56FE6A260A0C200029B659 /* Environment.swift in Sources */ = {isa = PBXBuildFile; fileRef = FC56FE69260A0C200029B659 /* Environment.swift */; };
		FC56FE81260DDCE40029B659 /* Configuration.plist in Resources */ = {isa = PBXBuildFile; fileRef = FC56FE80260DDCE40029B659 /* Configuration.plist */; };
		FC56FE86260DDD880029B659 /* Configuration.swift in Sources */ = {isa = PBXBuildFile; fileRef = FC56FE85260DDD880029B659 /* Configuration.swift */; };
		FC56FE8E260E0EC60029B659 /* Finnhub.swift in Sources */ = {isa = PBXBuildFile; fileRef = FC56FE8D260E0EC60029B659 /* Finnhub.swift */; };
		FCCE0D1F2610F8FC00AE424E /* String.swift in Sources */ = {isa = PBXBuildFile; fileRef = FCCE0D1E2610F8FC00AE424E /* String.swift */; };
		FCE2ACA9260F574700F33D01 /* SHMB.xcdatamodeld in Sources */ = {isa = PBXBuildFile; fileRef = FCE2ACA7260F574700F33D01 /* SHMB.xcdatamodeld */; };
		FCE2ACB8260F6AB200F33D01 /* PersistentStore.swift in Sources */ = {isa = PBXBuildFile; fileRef = FCE2ACB5260F6AB200F33D01 /* PersistentStore.swift */; };
		FCE2ACBD260F6AD500F33D01 /* PersistentStoreCoreDataImpl.swift in Sources */ = {isa = PBXBuildFile; fileRef = FCE2ACBC260F6AD500F33D01 /* PersistentStoreCoreDataImpl.swift */; };
		FCE2ACC3260F6AFE00F33D01 /* WebClientFakeImpl.swift in Sources */ = {isa = PBXBuildFile; fileRef = FCE2ACC2260F6AFE00F33D01 /* WebClientFakeImpl.swift */; };
		FCE2ACC8260F6B3800F33D01 /* WebClientFinnhubImpl.swift in Sources */ = {isa = PBXBuildFile; fileRef = FCE2ACC7260F6B3800F33D01 /* WebClientFinnhubImpl.swift */; };
		FCE2ACD4260F6B8100F33D01 /* AppWhiteStyle.swift in Sources */ = {isa = PBXBuildFile; fileRef = FCE2ACD3260F6B8100F33D01 /* AppWhiteStyle.swift */; };
		FCE2ACDA260F6BB200F33D01 /* L10nImpl.swift in Sources */ = {isa = PBXBuildFile; fileRef = FCE2ACD9260F6BB200F33D01 /* L10nImpl.swift */; };
		FCE2ACE0260F6BE500F33D01 /* ServiceProviderImpl.swift in Sources */ = {isa = PBXBuildFile; fileRef = FCE2ACDF260F6BE500F33D01 /* ServiceProviderImpl.swift */; };
		FCE2ACE6260F6C1D00F33D01 /* ConfigurationPlistImpl.swift in Sources */ = {isa = PBXBuildFile; fileRef = FCE2ACE5260F6C1C00F33D01 /* ConfigurationPlistImpl.swift */; };
/* End PBXBuildFile section */

/* Begin PBXContainerItemProxy section */
		FC01CB8B260613DC00B865D9 /* PBXContainerItemProxy */ = {
			isa = PBXContainerItemProxy;
			containerPortal = FC01CB6C260613DA00B865D9 /* Project object */;
			proxyType = 1;
			remoteGlobalIDString = FC01CB73260613DA00B865D9;
			remoteInfo = SHMB;
		};
		FC01CB96260613DC00B865D9 /* PBXContainerItemProxy */ = {
			isa = PBXContainerItemProxy;
			containerPortal = FC01CB6C260613DA00B865D9 /* Project object */;
			proxyType = 1;
			remoteGlobalIDString = FC01CB73260613DA00B865D9;
			remoteInfo = SHMB;
		};
/* End PBXContainerItemProxy section */

/* Begin PBXFileReference section */
		FC01CB74260613DA00B865D9 /* SHMB.app */ = {isa = PBXFileReference; explicitFileType = wrapper.application; includeInIndex = 0; path = SHMB.app; sourceTree = BUILT_PRODUCTS_DIR; };
		FC01CB77260613DA00B865D9 /* AppDelegate.swift */ = {isa = PBXFileReference; lastKnownFileType = sourcecode.swift; path = AppDelegate.swift; sourceTree = "<group>"; };
		FC01CB80260613DC00B865D9 /* Assets.xcassets */ = {isa = PBXFileReference; lastKnownFileType = folder.assetcatalog; path = Assets.xcassets; sourceTree = "<group>"; };
		FC01CB83260613DC00B865D9 /* Base */ = {isa = PBXFileReference; lastKnownFileType = file.storyboard; name = Base; path = Base.lproj/LaunchScreen.storyboard; sourceTree = "<group>"; };
		FC01CB85260613DC00B865D9 /* Info.plist */ = {isa = PBXFileReference; lastKnownFileType = text.plist.xml; path = Info.plist; sourceTree = "<group>"; };
		FC01CB8A260613DC00B865D9 /* SHMBTests.xctest */ = {isa = PBXFileReference; explicitFileType = wrapper.cfbundle; includeInIndex = 0; path = SHMBTests.xctest; sourceTree = BUILT_PRODUCTS_DIR; };
		FC01CB8E260613DC00B865D9 /* SHMBTests.swift */ = {isa = PBXFileReference; lastKnownFileType = sourcecode.swift; path = SHMBTests.swift; sourceTree = "<group>"; };
		FC01CB90260613DC00B865D9 /* Info.plist */ = {isa = PBXFileReference; lastKnownFileType = text.plist.xml; path = Info.plist; sourceTree = "<group>"; };
		FC01CB95260613DC00B865D9 /* SHMBUITests.xctest */ = {isa = PBXFileReference; explicitFileType = wrapper.cfbundle; includeInIndex = 0; path = SHMBUITests.xctest; sourceTree = BUILT_PRODUCTS_DIR; };
		FC01CB99260613DC00B865D9 /* SHMBUITests.swift */ = {isa = PBXFileReference; lastKnownFileType = sourcecode.swift; path = SHMBUITests.swift; sourceTree = "<group>"; };
		FC01CB9B260613DC00B865D9 /* Info.plist */ = {isa = PBXFileReference; lastKnownFileType = text.plist.xml; path = Info.plist; sourceTree = "<group>"; };
		FC01CBC52606190500B865D9 /* ServiceProvider.swift */ = {isa = PBXFileReference; lastKnownFileType = sourcecode.swift; path = ServiceProvider.swift; sourceTree = "<group>"; };
		FC01CBD6260619FB00B865D9 /* StocksViewController.swift */ = {isa = PBXFileReference; lastKnownFileType = sourcecode.swift; path = StocksViewController.swift; sourceTree = "<group>"; };
		FC01CBE526061A2200B865D9 /* StocksCollectionViewCell.swift */ = {isa = PBXFileReference; lastKnownFileType = sourcecode.swift; path = StocksCollectionViewCell.swift; sourceTree = "<group>"; };
		FC01CBE626061A2200B865D9 /* StocksCollectionViewCell.xib */ = {isa = PBXFileReference; lastKnownFileType = file.xib; path = StocksCollectionViewCell.xib; sourceTree = "<group>"; };
		FC01CBEC26061A6500B865D9 /* L10n.swift */ = {isa = PBXFileReference; lastKnownFileType = sourcecode.swift; path = L10n.swift; sourceTree = "<group>"; };
		FC01CBF726061EF900B865D9 /* en */ = {isa = PBXFileReference; lastKnownFileType = text.plist.strings; name = en; path = en.lproj/l10n.strings; sourceTree = "<group>"; };
		FC01CBF926061F1100B865D9 /* ru */ = {isa = PBXFileReference; lastKnownFileType = text.plist.strings; name = ru; path = ru.lproj/l10n.strings; sourceTree = "<group>"; };
		FC01CC012606310400B865D9 /* StocksPresenter.swift */ = {isa = PBXFileReference; lastKnownFileType = sourcecode.swift; path = StocksPresenter.swift; sourceTree = "<group>"; };
		FC01CC0F2606339D00B865D9 /* StocksView.swift */ = {isa = PBXFileReference; lastKnownFileType = sourcecode.swift; path = StocksView.swift; sourceTree = "<group>"; };
		FC01CC17260633C300B865D9 /* StocksInfo.swift */ = {isa = PBXFileReference; lastKnownFileType = sourcecode.swift; path = StocksInfo.swift; sourceTree = "<group>"; };
		FC01CC2926071B3700B865D9 /* AppStyle.swift */ = {isa = PBXFileReference; lastKnownFileType = sourcecode.swift; path = AppStyle.swift; sourceTree = "<group>"; };
		FC01CC472608AB9000B865D9 /* SearchBarCollectionReusableView.swift */ = {isa = PBXFileReference; lastKnownFileType = sourcecode.swift; path = SearchBarCollectionReusableView.swift; sourceTree = "<group>"; };
		FC01CC482608AB9000B865D9 /* SearchBarCollectionReusableView.xib */ = {isa = PBXFileReference; lastKnownFileType = file.xib; path = SearchBarCollectionReusableView.xib; sourceTree = "<group>"; };
		FC0B6CCA260F1FDB00072E13 /* ErrorInfo.swift */ = {isa = PBXFileReference; lastKnownFileType = sourcecode.swift; path = ErrorInfo.swift; sourceTree = "<group>"; };
		FC0B6CCF260F1FE300072E13 /* EmptyInfo.swift */ = {isa = PBXFileReference; lastKnownFileType = sourcecode.swift; path = EmptyInfo.swift; sourceTree = "<group>"; };
		FC0B6CD4260F1FE900072E13 /* LoadingInfo.swift */ = {isa = PBXFileReference; lastKnownFileType = sourcecode.swift; path = LoadingInfo.swift; sourceTree = "<group>"; };
		FC3375E9260F7C870052DFB6 /* PersistentStoreUserDefaultsImpl.swift */ = {isa = PBXFileReference; lastKnownFileType = sourcecode.swift; path = PersistentStoreUserDefaultsImpl.swift; sourceTree = "<group>"; };
		FC3375F9260F8B210052DFB6 /* Atomic.swift */ = {isa = PBXFileReference; lastKnownFileType = sourcecode.swift; path = Atomic.swift; sourceTree = "<group>"; };
		FC56FE342608CAAC0029B659 /* StocksSegmentCollectionReusableView.swift */ = {isa = PBXFileReference; lastKnownFileType = sourcecode.swift; path = StocksSegmentCollectionReusableView.swift; sourceTree = "<group>"; };
		FC56FE352608CAAC0029B659 /* StocksSegmentCollectionReusableView.xib */ = {isa = PBXFileReference; lastKnownFileType = file.xib; path = StocksSegmentCollectionReusableView.xib; sourceTree = "<group>"; };
		FC56FE40260908490029B659 /* WebClient.swift */ = {isa = PBXFileReference; lastKnownFileType = sourcecode.swift; path = WebClient.swift; sourceTree = "<group>"; };
		FC56FE47260921DF0029B659 /* StocksErrorCollectionViewCell.swift */ = {isa = PBXFileReference; lastKnownFileType = sourcecode.swift; path = StocksErrorCollectionViewCell.swift; sourceTree = "<group>"; };
		FC56FE4F260922830029B659 /* StocksErrorCollectionViewCell.xib */ = {isa = PBXFileReference; lastKnownFileType = file.xib; path = StocksErrorCollectionViewCell.xib; sourceTree = "<group>"; };
		FC56FE552609E1D70029B659 /* UIView.swift */ = {isa = PBXFileReference; lastKnownFileType = sourcecode.swift; path = UIView.swift; sourceTree = "<group>"; };
		FC56FE5A2609E3790029B659 /* StocksEmptyCollectionViewCell.swift */ = {isa = PBXFileReference; lastKnownFileType = sourcecode.swift; path = StocksEmptyCollectionViewCell.swift; sourceTree = "<group>"; };
		FC56FE5B2609E3790029B659 /* StocksEmptyCollectionViewCell.xib */ = {isa = PBXFileReference; lastKnownFileType = file.xib; path = StocksEmptyCollectionViewCell.xib; sourceTree = "<group>"; };
		FC56FE622609E81C0029B659 /* StocksLoadingCollectionViewCell.swift */ = {isa = PBXFileReference; lastKnownFileType = sourcecode.swift; path = StocksLoadingCollectionViewCell.swift; sourceTree = "<group>"; };
		FC56FE632609E81C0029B659 /* StocksLoadingCollectionViewCell.xib */ = {isa = PBXFileReference; lastKnownFileType = file.xib; path = StocksLoadingCollectionViewCell.xib; sourceTree = "<group>"; };
		FC56FE69260A0C200029B659 /* Environment.swift */ = {isa = PBXFileReference; lastKnownFileType = sourcecode.swift; path = Environment.swift; sourceTree = "<group>"; };
		FC56FE80260DDCE40029B659 /* Configuration.plist */ = {isa = PBXFileReference; lastKnownFileType = text.plist.xml; path = Configuration.plist; sourceTree = "<group>"; };
		FC56FE85260DDD880029B659 /* Configuration.swift */ = {isa = PBXFileReference; lastKnownFileType = sourcecode.swift; path = Configuration.swift; sourceTree = "<group>"; };
		FC56FE8D260E0EC60029B659 /* Finnhub.swift */ = {isa = PBXFileReference; lastKnownFileType = sourcecode.swift; path = Finnhub.swift; sourceTree = "<group>"; };
		FCCE0D1E2610F8FC00AE424E /* String.swift */ = {isa = PBXFileReference; lastKnownFileType = sourcecode.swift; path = String.swift; sourceTree = "<group>"; };
		FCE2ACA8260F574700F33D01 /* SHMB.xcdatamodel */ = {isa = PBXFileReference; lastKnownFileType = wrapper.xcdatamodel; path = SHMB.xcdatamodel; sourceTree = "<group>"; };
		FCE2ACB5260F6AB200F33D01 /* PersistentStore.swift */ = {isa = PBXFileReference; fileEncoding = 4; lastKnownFileType = sourcecode.swift; path = PersistentStore.swift; sourceTree = "<group>"; };
		FCE2ACBC260F6AD500F33D01 /* PersistentStoreCoreDataImpl.swift */ = {isa = PBXFileReference; lastKnownFileType = sourcecode.swift; path = PersistentStoreCoreDataImpl.swift; sourceTree = "<group>"; };
		FCE2ACC2260F6AFE00F33D01 /* WebClientFakeImpl.swift */ = {isa = PBXFileReference; lastKnownFileType = sourcecode.swift; path = WebClientFakeImpl.swift; sourceTree = "<group>"; };
		FCE2ACC7260F6B3800F33D01 /* WebClientFinnhubImpl.swift */ = {isa = PBXFileReference; lastKnownFileType = sourcecode.swift; path = WebClientFinnhubImpl.swift; sourceTree = "<group>"; };
		FCE2ACD3260F6B8100F33D01 /* AppWhiteStyle.swift */ = {isa = PBXFileReference; lastKnownFileType = sourcecode.swift; path = AppWhiteStyle.swift; sourceTree = "<group>"; };
		FCE2ACD9260F6BB200F33D01 /* L10nImpl.swift */ = {isa = PBXFileReference; lastKnownFileType = sourcecode.swift; path = L10nImpl.swift; sourceTree = "<group>"; };
		FCE2ACDF260F6BE500F33D01 /* ServiceProviderImpl.swift */ = {isa = PBXFileReference; lastKnownFileType = sourcecode.swift; path = ServiceProviderImpl.swift; sourceTree = "<group>"; };
		FCE2ACE5260F6C1C00F33D01 /* ConfigurationPlistImpl.swift */ = {isa = PBXFileReference; lastKnownFileType = sourcecode.swift; path = ConfigurationPlistImpl.swift; sourceTree = "<group>"; };
/* End PBXFileReference section */

/* Begin PBXFrameworksBuildPhase section */
		FC01CB71260613DA00B865D9 /* Frameworks */ = {
			isa = PBXFrameworksBuildPhase;
			buildActionMask = 2147483647;
			files = (
			);
			runOnlyForDeploymentPostprocessing = 0;
		};
		FC01CB87260613DC00B865D9 /* Frameworks */ = {
			isa = PBXFrameworksBuildPhase;
			buildActionMask = 2147483647;
			files = (
			);
			runOnlyForDeploymentPostprocessing = 0;
		};
		FC01CB92260613DC00B865D9 /* Frameworks */ = {
			isa = PBXFrameworksBuildPhase;
			buildActionMask = 2147483647;
			files = (
			);
			runOnlyForDeploymentPostprocessing = 0;
		};
/* End PBXFrameworksBuildPhase section */

/* Begin PBXGroup section */
		FC01CB6B260613DA00B865D9 = {
			isa = PBXGroup;
			children = (
				FC01CB76260613DA00B865D9 /* SHMB */,
				FC01CB8D260613DC00B865D9 /* SHMBTests */,
				FC01CB98260613DC00B865D9 /* SHMBUITests */,
				FC01CB75260613DA00B865D9 /* Products */,
			);
			sourceTree = "<group>";
		};
		FC01CB75260613DA00B865D9 /* Products */ = {
			isa = PBXGroup;
			children = (
				FC01CB74260613DA00B865D9 /* SHMB.app */,
				FC01CB8A260613DC00B865D9 /* SHMBTests.xctest */,
				FC01CB95260613DC00B865D9 /* SHMBUITests.xctest */,
			);
			name = Products;
			sourceTree = "<group>";
		};
		FC01CB76260613DA00B865D9 /* SHMB */ = {
			isa = PBXGroup;
			children = (
				FC01CBBB2606188300B865D9 /* Sources */,
				FC01CBB32606174F00B865D9 /* Resources */,
			);
			path = SHMB;
			sourceTree = "<group>";
		};
		FC01CB8D260613DC00B865D9 /* SHMBTests */ = {
			isa = PBXGroup;
			children = (
				FC01CB8E260613DC00B865D9 /* SHMBTests.swift */,
				FC01CB90260613DC00B865D9 /* Info.plist */,
			);
			path = SHMBTests;
			sourceTree = "<group>";
		};
		FC01CB98260613DC00B865D9 /* SHMBUITests */ = {
			isa = PBXGroup;
			children = (
				FC01CB99260613DC00B865D9 /* SHMBUITests.swift */,
				FC01CB9B260613DC00B865D9 /* Info.plist */,
			);
			path = SHMBUITests;
			sourceTree = "<group>";
		};
		FC01CBB0260616F000B865D9 /* App */ = {
			isa = PBXGroup;
			children = (
				FC01CB77260613DA00B865D9 /* AppDelegate.swift */,
				FC01CC0C2606334400B865D9 /* Stocks */,
			);
			path = App;
			sourceTree = "<group>";
		};
		FC01CBB1260616F500B865D9 /* Services */ = {
			isa = PBXGroup;
			children = (
				FCE2ACDE260F6BDD00F33D01 /* ServiceProvider */,
				FCE2ACD8260F6BA500F33D01 /* L10n */,
				FCE2ACCC260F6B6D00F33D01 /* AppStyle */,
				FCE2ACC1260F6AF200F33D01 /* WebClient */,
				FC56FE69260A0C200029B659 /* Environment.swift */,
				FCE2ACB2260F6AB200F33D01 /* PersitentStore */,
				FCE2ACE4260F6C0800F33D01 /* Configuration */,
			);
			path = Services;
			sourceTree = "<group>";
		};
		FC01CBB32606174F00B865D9 /* Resources */ = {
			isa = PBXGroup;
			children = (
				FC01CB85260613DC00B865D9 /* Info.plist */,
				FC56FE80260DDCE40029B659 /* Configuration.plist */,
				FC01CBF826061EF900B865D9 /* l10n.strings */,
				FC01CB80260613DC00B865D9 /* Assets.xcassets */,
				FCE2ACA7260F574700F33D01 /* SHMB.xcdatamodeld */,
				FC01CB82260613DC00B865D9 /* LaunchScreen.storyboard */,
			);
			path = Resources;
			sourceTree = "<group>";
		};
		FC01CBBB2606188300B865D9 /* Sources */ = {
			isa = PBXGroup;
			children = (
				FC01CBB0260616F000B865D9 /* App */,
				FC01CBFD2606278F00B865D9 /* Models */,
				FC01CBB1260616F500B865D9 /* Services */,
				FC56FE542609E1CB0029B659 /* Extensions */,
			);
			path = Sources;
			sourceTree = "<group>";
		};
		FC01CBFD2606278F00B865D9 /* Models */ = {
			isa = PBXGroup;
			children = (
				FC01CC17260633C300B865D9 /* StocksInfo.swift */,
				FC0B6CCA260F1FDB00072E13 /* ErrorInfo.swift */,
				FC0B6CCF260F1FE300072E13 /* EmptyInfo.swift */,
				FC0B6CD4260F1FE900072E13 /* LoadingInfo.swift */,
				FC56FE8D260E0EC60029B659 /* Finnhub.swift */,
			);
			path = Models;
			sourceTree = "<group>";
		};
		FC01CC0C2606334400B865D9 /* Stocks */ = {
			isa = PBXGroup;
			children = (
				FC01CC012606310400B865D9 /* StocksPresenter.swift */,
				FC01CC0D2606337000B865D9 /* StocksView */,
			);
			path = Stocks;
			sourceTree = "<group>";
		};
		FC01CC0D2606337000B865D9 /* StocksView */ = {
			isa = PBXGroup;
			children = (
				FC01CC0F2606339D00B865D9 /* StocksView.swift */,
				FC01CBD6260619FB00B865D9 /* StocksViewController.swift */,
				FC56FE612609E7FD0029B659 /* StocksLoadingCollectionViewCell */,
				FC56FE46260921BC0029B659 /* StocksEmptyCollectionViewCell */,
				FC56FE45260921B20029B659 /* StocksErrorCollectionViewCell */,
				FC56FE332608CA920029B659 /* StocksSegmentCollectionReusableView */,
				FC01CC462608AB6500B865D9 /* SearchBarCollectionReusableView */,
				FC01CC0E2606337500B865D9 /* StocksCollectionViewCell */,
			);
			path = StocksView;
			sourceTree = "<group>";
		};
		FC01CC0E2606337500B865D9 /* StocksCollectionViewCell */ = {
			isa = PBXGroup;
			children = (
				FC01CBE526061A2200B865D9 /* StocksCollectionViewCell.swift */,
				FC01CBE626061A2200B865D9 /* StocksCollectionViewCell.xib */,
			);
			path = StocksCollectionViewCell;
			sourceTree = "<group>";
		};
		FC01CC462608AB6500B865D9 /* SearchBarCollectionReusableView */ = {
			isa = PBXGroup;
			children = (
				FC01CC472608AB9000B865D9 /* SearchBarCollectionReusableView.swift */,
				FC01CC482608AB9000B865D9 /* SearchBarCollectionReusableView.xib */,
			);
			path = SearchBarCollectionReusableView;
			sourceTree = "<group>";
		};
		FC56FE332608CA920029B659 /* StocksSegmentCollectionReusableView */ = {
			isa = PBXGroup;
			children = (
				FC56FE342608CAAC0029B659 /* StocksSegmentCollectionReusableView.swift */,
				FC56FE352608CAAC0029B659 /* StocksSegmentCollectionReusableView.xib */,
			);
			path = StocksSegmentCollectionReusableView;
			sourceTree = "<group>";
		};
		FC56FE45260921B20029B659 /* StocksErrorCollectionViewCell */ = {
			isa = PBXGroup;
			children = (
				FC56FE47260921DF0029B659 /* StocksErrorCollectionViewCell.swift */,
				FC56FE4F260922830029B659 /* StocksErrorCollectionViewCell.xib */,
			);
			path = StocksErrorCollectionViewCell;
			sourceTree = "<group>";
		};
		FC56FE46260921BC0029B659 /* StocksEmptyCollectionViewCell */ = {
			isa = PBXGroup;
			children = (
				FC56FE5A2609E3790029B659 /* StocksEmptyCollectionViewCell.swift */,
				FC56FE5B2609E3790029B659 /* StocksEmptyCollectionViewCell.xib */,
			);
			path = StocksEmptyCollectionViewCell;
			sourceTree = "<group>";
		};
		FC56FE542609E1CB0029B659 /* Extensions */ = {
			isa = PBXGroup;
			children = (
				FC56FE552609E1D70029B659 /* UIView.swift */,
				FC3375F9260F8B210052DFB6 /* Atomic.swift */,
				FCCE0D1E2610F8FC00AE424E /* String.swift */,
			);
			path = Extensions;
			sourceTree = "<group>";
		};
		FC56FE612609E7FD0029B659 /* StocksLoadingCollectionViewCell */ = {
			isa = PBXGroup;
			children = (
				FC56FE622609E81C0029B659 /* StocksLoadingCollectionViewCell.swift */,
				FC56FE632609E81C0029B659 /* StocksLoadingCollectionViewCell.xib */,
			);
			path = StocksLoadingCollectionViewCell;
			sourceTree = "<group>";
		};
		FCE2ACB2260F6AB200F33D01 /* PersitentStore */ = {
			isa = PBXGroup;
			children = (
				FCE2ACB5260F6AB200F33D01 /* PersistentStore.swift */,
				FC3375E9260F7C870052DFB6 /* PersistentStoreUserDefaultsImpl.swift */,
				FCE2ACBC260F6AD500F33D01 /* PersistentStoreCoreDataImpl.swift */,
			);
			path = PersitentStore;
			sourceTree = "<group>";
		};
		FCE2ACC1260F6AF200F33D01 /* WebClient */ = {
			isa = PBXGroup;
			children = (
				FC56FE40260908490029B659 /* WebClient.swift */,
				FCE2ACC7260F6B3800F33D01 /* WebClientFinnhubImpl.swift */,
				FCE2ACC2260F6AFE00F33D01 /* WebClientFakeImpl.swift */,
			);
			path = WebClient;
			sourceTree = "<group>";
		};
		FCE2ACCC260F6B6D00F33D01 /* AppStyle */ = {
			isa = PBXGroup;
			children = (
				FC01CC2926071B3700B865D9 /* AppStyle.swift */,
				FCE2ACD3260F6B8100F33D01 /* AppWhiteStyle.swift */,
			);
			path = AppStyle;
			sourceTree = "<group>";
		};
		FCE2ACD8260F6BA500F33D01 /* L10n */ = {
			isa = PBXGroup;
			children = (
				FC01CBEC26061A6500B865D9 /* L10n.swift */,
				FCE2ACD9260F6BB200F33D01 /* L10nImpl.swift */,
			);
			path = L10n;
			sourceTree = "<group>";
		};
		FCE2ACDE260F6BDD00F33D01 /* ServiceProvider */ = {
			isa = PBXGroup;
			children = (
				FC01CBC52606190500B865D9 /* ServiceProvider.swift */,
				FCE2ACDF260F6BE500F33D01 /* ServiceProviderImpl.swift */,
			);
			path = ServiceProvider;
			sourceTree = "<group>";
		};
		FCE2ACE4260F6C0800F33D01 /* Configuration */ = {
			isa = PBXGroup;
			children = (
				FC56FE85260DDD880029B659 /* Configuration.swift */,
				FCE2ACE5260F6C1C00F33D01 /* ConfigurationPlistImpl.swift */,
			);
			path = Configuration;
			sourceTree = "<group>";
		};
/* End PBXGroup section */

/* Begin PBXNativeTarget section */
		FC01CB73260613DA00B865D9 /* SHMB */ = {
			isa = PBXNativeTarget;
			buildConfigurationList = FC01CB9E260613DC00B865D9 /* Build configuration list for PBXNativeTarget "SHMB" */;
			buildPhases = (
				FC01CB70260613DA00B865D9 /* Sources */,
				FC01CB71260613DA00B865D9 /* Frameworks */,
				FC01CB72260613DA00B865D9 /* Resources */,
			);
			buildRules = (
			);
			dependencies = (
			);
			name = SHMB;
			productName = SHMB;
			productReference = FC01CB74260613DA00B865D9 /* SHMB.app */;
			productType = "com.apple.product-type.application";
		};
		FC01CB89260613DC00B865D9 /* SHMBTests */ = {
			isa = PBXNativeTarget;
			buildConfigurationList = FC01CBA1260613DC00B865D9 /* Build configuration list for PBXNativeTarget "SHMBTests" */;
			buildPhases = (
				FC01CB86260613DC00B865D9 /* Sources */,
				FC01CB87260613DC00B865D9 /* Frameworks */,
				FC01CB88260613DC00B865D9 /* Resources */,
			);
			buildRules = (
			);
			dependencies = (
				FC01CB8C260613DC00B865D9 /* PBXTargetDependency */,
			);
			name = SHMBTests;
			productName = SHMBTests;
			productReference = FC01CB8A260613DC00B865D9 /* SHMBTests.xctest */;
			productType = "com.apple.product-type.bundle.unit-test";
		};
		FC01CB94260613DC00B865D9 /* SHMBUITests */ = {
			isa = PBXNativeTarget;
			buildConfigurationList = FC01CBA4260613DC00B865D9 /* Build configuration list for PBXNativeTarget "SHMBUITests" */;
			buildPhases = (
				FC01CB91260613DC00B865D9 /* Sources */,
				FC01CB92260613DC00B865D9 /* Frameworks */,
				FC01CB93260613DC00B865D9 /* Resources */,
			);
			buildRules = (
			);
			dependencies = (
				FC01CB97260613DC00B865D9 /* PBXTargetDependency */,
			);
			name = SHMBUITests;
			productName = SHMBUITests;
			productReference = FC01CB95260613DC00B865D9 /* SHMBUITests.xctest */;
			productType = "com.apple.product-type.bundle.ui-testing";
		};
/* End PBXNativeTarget section */

/* Begin PBXProject section */
		FC01CB6C260613DA00B865D9 /* Project object */ = {
			isa = PBXProject;
			attributes = {
				LastSwiftUpdateCheck = 1240;
				LastUpgradeCheck = 1240;
				TargetAttributes = {
					FC01CB73260613DA00B865D9 = {
						CreatedOnToolsVersion = 12.4;
					};
					FC01CB89260613DC00B865D9 = {
						CreatedOnToolsVersion = 12.4;
						TestTargetID = FC01CB73260613DA00B865D9;
					};
					FC01CB94260613DC00B865D9 = {
						CreatedOnToolsVersion = 12.4;
						TestTargetID = FC01CB73260613DA00B865D9;
					};
				};
			};
			buildConfigurationList = FC01CB6F260613DA00B865D9 /* Build configuration list for PBXProject "SHMB" */;
			compatibilityVersion = "Xcode 9.3";
			developmentRegion = en;
			hasScannedForEncodings = 0;
			knownRegions = (
				en,
				Base,
				ru,
			);
			mainGroup = FC01CB6B260613DA00B865D9;
			productRefGroup = FC01CB75260613DA00B865D9 /* Products */;
			projectDirPath = "";
			projectRoot = "";
			targets = (
				FC01CB73260613DA00B865D9 /* SHMB */,
				FC01CB89260613DC00B865D9 /* SHMBTests */,
				FC01CB94260613DC00B865D9 /* SHMBUITests */,
			);
		};
/* End PBXProject section */

/* Begin PBXResourcesBuildPhase section */
		FC01CB72260613DA00B865D9 /* Resources */ = {
			isa = PBXResourcesBuildPhase;
			buildActionMask = 2147483647;
			files = (
				FC56FE652609E81C0029B659 /* StocksLoadingCollectionViewCell.xib in Resources */,
				FC56FE81260DDCE40029B659 /* Configuration.plist in Resources */,
				FC56FE372608CAAC0029B659 /* StocksSegmentCollectionReusableView.xib in Resources */,
				FC56FE2C2608C3A70029B659 /* l10n.strings in Resources */,
				FC01CB84260613DC00B865D9 /* LaunchScreen.storyboard in Resources */,
				FC01CC4A2608AB9000B865D9 /* SearchBarCollectionReusableView.xib in Resources */,
				FC01CB81260613DC00B865D9 /* Assets.xcassets in Resources */,
				FC56FE5D2609E3790029B659 /* StocksEmptyCollectionViewCell.xib in Resources */,
				FC56FE50260922830029B659 /* StocksErrorCollectionViewCell.xib in Resources */,
				FC01CBE826061A2200B865D9 /* StocksCollectionViewCell.xib in Resources */,
			);
			runOnlyForDeploymentPostprocessing = 0;
		};
		FC01CB88260613DC00B865D9 /* Resources */ = {
			isa = PBXResourcesBuildPhase;
			buildActionMask = 2147483647;
			files = (
			);
			runOnlyForDeploymentPostprocessing = 0;
		};
		FC01CB93260613DC00B865D9 /* Resources */ = {
			isa = PBXResourcesBuildPhase;
			buildActionMask = 2147483647;
			files = (
			);
			runOnlyForDeploymentPostprocessing = 0;
		};
/* End PBXResourcesBuildPhase section */

/* Begin PBXSourcesBuildPhase section */
		FC01CB70260613DA00B865D9 /* Sources */ = {
			isa = PBXSourcesBuildPhase;
			buildActionMask = 2147483647;
			files = (
				FC56FE362608CAAC0029B659 /* StocksSegmentCollectionReusableView.swift in Sources */,
				FC56FE5C2609E3790029B659 /* StocksEmptyCollectionViewCell.swift in Sources */,
				FCE2ACE0260F6BE500F33D01 /* ServiceProviderImpl.swift in Sources */,
				FCE2ACB8260F6AB200F33D01 /* PersistentStore.swift in Sources */,
				FCE2ACDA260F6BB200F33D01 /* L10nImpl.swift in Sources */,
				FC56FE642609E81C0029B659 /* StocksLoadingCollectionViewCell.swift in Sources */,
				FC01CC102606339D00B865D9 /* StocksView.swift in Sources */,
				FC01CBC62606190500B865D9 /* ServiceProvider.swift in Sources */,
				FCE2ACBD260F6AD500F33D01 /* PersistentStoreCoreDataImpl.swift in Sources */,
				FCE2ACC8260F6B3800F33D01 /* WebClientFinnhubImpl.swift in Sources */,
				FC01CBE726061A2200B865D9 /* StocksCollectionViewCell.swift in Sources */,
				FCE2ACC3260F6AFE00F33D01 /* WebClientFakeImpl.swift in Sources */,
				FC0B6CD5260F1FE900072E13 /* LoadingInfo.swift in Sources */,
				FC56FE48260921DF0029B659 /* StocksErrorCollectionViewCell.swift in Sources */,
				FC01CC022606310400B865D9 /* StocksPresenter.swift in Sources */,
				FC01CB78260613DA00B865D9 /* AppDelegate.swift in Sources */,
				FC01CC18260633C300B865D9 /* StocksInfo.swift in Sources */,
				FC0B6CD0260F1FE300072E13 /* EmptyInfo.swift in Sources */,
				FC56FE41260908490029B659 /* WebClient.swift in Sources */,
				FC3375EA260F7C870052DFB6 /* PersistentStoreUserDefaultsImpl.swift in Sources */,
				FC56FE562609E1D70029B659 /* UIView.swift in Sources */,
				FC56FE86260DDD880029B659 /* Configuration.swift in Sources */,
				FC56FE8E260E0EC60029B659 /* Finnhub.swift in Sources */,
				FC56FE6A260A0C200029B659 /* Environment.swift in Sources */,
				FC01CBED26061A6500B865D9 /* L10n.swift in Sources */,
				FC0B6CCB260F1FDB00072E13 /* ErrorInfo.swift in Sources */,
				FC01CBD8260619FB00B865D9 /* StocksViewController.swift in Sources */,
				FC3375FA260F8B210052DFB6 /* Atomic.swift in Sources */,
				FCCE0D1F2610F8FC00AE424E /* String.swift in Sources */,
				FCE2ACE6260F6C1D00F33D01 /* ConfigurationPlistImpl.swift in Sources */,
				FC01CC2A26071B3700B865D9 /* AppStyle.swift in Sources */,
				FC01CC492608AB9000B865D9 /* SearchBarCollectionReusableView.swift in Sources */,
				FCE2ACA9260F574700F33D01 /* SHMB.xcdatamodeld in Sources */,
				FCE2ACD4260F6B8100F33D01 /* AppWhiteStyle.swift in Sources */,
			);
			runOnlyForDeploymentPostprocessing = 0;
		};
		FC01CB86260613DC00B865D9 /* Sources */ = {
			isa = PBXSourcesBuildPhase;
			buildActionMask = 2147483647;
			files = (
				FC01CB8F260613DC00B865D9 /* SHMBTests.swift in Sources */,
			);
			runOnlyForDeploymentPostprocessing = 0;
		};
		FC01CB91260613DC00B865D9 /* Sources */ = {
			isa = PBXSourcesBuildPhase;
			buildActionMask = 2147483647;
			files = (
				FC01CB9A260613DC00B865D9 /* SHMBUITests.swift in Sources */,
			);
			runOnlyForDeploymentPostprocessing = 0;
		};
/* End PBXSourcesBuildPhase section */

/* Begin PBXTargetDependency section */
		FC01CB8C260613DC00B865D9 /* PBXTargetDependency */ = {
			isa = PBXTargetDependency;
			target = FC01CB73260613DA00B865D9 /* SHMB */;
			targetProxy = FC01CB8B260613DC00B865D9 /* PBXContainerItemProxy */;
		};
		FC01CB97260613DC00B865D9 /* PBXTargetDependency */ = {
			isa = PBXTargetDependency;
			target = FC01CB73260613DA00B865D9 /* SHMB */;
			targetProxy = FC01CB96260613DC00B865D9 /* PBXContainerItemProxy */;
		};
/* End PBXTargetDependency section */

/* Begin PBXVariantGroup section */
		FC01CB82260613DC00B865D9 /* LaunchScreen.storyboard */ = {
			isa = PBXVariantGroup;
			children = (
				FC01CB83260613DC00B865D9 /* Base */,
			);
			name = LaunchScreen.storyboard;
			sourceTree = "<group>";
		};
		FC01CBF826061EF900B865D9 /* l10n.strings */ = {
			isa = PBXVariantGroup;
			children = (
				FC01CBF726061EF900B865D9 /* en */,
				FC01CBF926061F1100B865D9 /* ru */,
			);
			name = l10n.strings;
			path = /Users/aminbenarieb/repo/SHMB/SHMB/Resources;
			sourceTree = "<absolute>";
		};
/* End PBXVariantGroup section */

/* Begin XCBuildConfiguration section */
		FC01CB9C260613DC00B865D9 /* Debug */ = {
			isa = XCBuildConfiguration;
			buildSettings = {
				ALWAYS_SEARCH_USER_PATHS = NO;
				CLANG_ANALYZER_LOCALIZABILITY_NONLOCALIZED = YES;
				CLANG_ANALYZER_NONNULL = YES;
				CLANG_ANALYZER_NUMBER_OBJECT_CONVERSION = YES_AGGRESSIVE;
				CLANG_CXX_LANGUAGE_STANDARD = "gnu++14";
				CLANG_CXX_LIBRARY = "libc++";
				CLANG_ENABLE_MODULES = YES;
				CLANG_ENABLE_OBJC_ARC = YES;
				CLANG_ENABLE_OBJC_WEAK = YES;
				CLANG_WARN_BLOCK_CAPTURE_AUTORELEASING = YES;
				CLANG_WARN_BOOL_CONVERSION = YES;
				CLANG_WARN_COMMA = YES;
				CLANG_WARN_CONSTANT_CONVERSION = YES;
				CLANG_WARN_DEPRECATED_OBJC_IMPLEMENTATIONS = YES;
				CLANG_WARN_DIRECT_OBJC_ISA_USAGE = YES_ERROR;
				CLANG_WARN_DOCUMENTATION_COMMENTS = YES;
				CLANG_WARN_EMPTY_BODY = YES;
				CLANG_WARN_ENUM_CONVERSION = YES;
				CLANG_WARN_INFINITE_RECURSION = YES;
				CLANG_WARN_INT_CONVERSION = YES;
				CLANG_WARN_NON_LITERAL_NULL_CONVERSION = YES;
				CLANG_WARN_OBJC_IMPLICIT_RETAIN_SELF = YES;
				CLANG_WARN_OBJC_LITERAL_CONVERSION = YES;
				CLANG_WARN_OBJC_ROOT_CLASS = YES_ERROR;
				CLANG_WARN_QUOTED_INCLUDE_IN_FRAMEWORK_HEADER = YES;
				CLANG_WARN_RANGE_LOOP_ANALYSIS = YES;
				CLANG_WARN_STRICT_PROTOTYPES = YES;
				CLANG_WARN_SUSPICIOUS_MOVE = YES;
				CLANG_WARN_UNGUARDED_AVAILABILITY = YES_AGGRESSIVE;
				CLANG_WARN_UNREACHABLE_CODE = YES;
				CLANG_WARN__DUPLICATE_METHOD_MATCH = YES;
				COPY_PHASE_STRIP = NO;
				DEBUG_INFORMATION_FORMAT = dwarf;
				ENABLE_STRICT_OBJC_MSGSEND = YES;
				ENABLE_TESTABILITY = YES;
				GCC_C_LANGUAGE_STANDARD = gnu11;
				GCC_DYNAMIC_NO_PIC = NO;
				GCC_NO_COMMON_BLOCKS = YES;
				GCC_OPTIMIZATION_LEVEL = 0;
				GCC_PREPROCESSOR_DEFINITIONS = (
					"DEBUG=1",
					"$(inherited)",
				);
				GCC_WARN_64_TO_32_BIT_CONVERSION = YES;
				GCC_WARN_ABOUT_RETURN_TYPE = YES_ERROR;
				GCC_WARN_UNDECLARED_SELECTOR = YES;
				GCC_WARN_UNINITIALIZED_AUTOS = YES_AGGRESSIVE;
				GCC_WARN_UNUSED_FUNCTION = YES;
				GCC_WARN_UNUSED_VARIABLE = YES;
				IPHONEOS_DEPLOYMENT_TARGET = 14.0;
				MTL_ENABLE_DEBUG_INFO = INCLUDE_SOURCE;
				MTL_FAST_MATH = YES;
				ONLY_ACTIVE_ARCH = YES;
				SDKROOT = iphoneos;
				SWIFT_ACTIVE_COMPILATION_CONDITIONS = DEBUG;
				SWIFT_OPTIMIZATION_LEVEL = "-Onone";
			};
			name = Debug;
		};
		FC01CB9D260613DC00B865D9 /* Release */ = {
			isa = XCBuildConfiguration;
			buildSettings = {
				ALWAYS_SEARCH_USER_PATHS = NO;
				CLANG_ANALYZER_LOCALIZABILITY_NONLOCALIZED = YES;
				CLANG_ANALYZER_NONNULL = YES;
				CLANG_ANALYZER_NUMBER_OBJECT_CONVERSION = YES_AGGRESSIVE;
				CLANG_CXX_LANGUAGE_STANDARD = "gnu++14";
				CLANG_CXX_LIBRARY = "libc++";
				CLANG_ENABLE_MODULES = YES;
				CLANG_ENABLE_OBJC_ARC = YES;
				CLANG_ENABLE_OBJC_WEAK = YES;
				CLANG_WARN_BLOCK_CAPTURE_AUTORELEASING = YES;
				CLANG_WARN_BOOL_CONVERSION = YES;
				CLANG_WARN_COMMA = YES;
				CLANG_WARN_CONSTANT_CONVERSION = YES;
				CLANG_WARN_DEPRECATED_OBJC_IMPLEMENTATIONS = YES;
				CLANG_WARN_DIRECT_OBJC_ISA_USAGE = YES_ERROR;
				CLANG_WARN_DOCUMENTATION_COMMENTS = YES;
				CLANG_WARN_EMPTY_BODY = YES;
				CLANG_WARN_ENUM_CONVERSION = YES;
				CLANG_WARN_INFINITE_RECURSION = YES;
				CLANG_WARN_INT_CONVERSION = YES;
				CLANG_WARN_NON_LITERAL_NULL_CONVERSION = YES;
				CLANG_WARN_OBJC_IMPLICIT_RETAIN_SELF = YES;
				CLANG_WARN_OBJC_LITERAL_CONVERSION = YES;
				CLANG_WARN_OBJC_ROOT_CLASS = YES_ERROR;
				CLANG_WARN_QUOTED_INCLUDE_IN_FRAMEWORK_HEADER = YES;
				CLANG_WARN_RANGE_LOOP_ANALYSIS = YES;
				CLANG_WARN_STRICT_PROTOTYPES = YES;
				CLANG_WARN_SUSPICIOUS_MOVE = YES;
				CLANG_WARN_UNGUARDED_AVAILABILITY = YES_AGGRESSIVE;
				CLANG_WARN_UNREACHABLE_CODE = YES;
				CLANG_WARN__DUPLICATE_METHOD_MATCH = YES;
				COPY_PHASE_STRIP = NO;
				DEBUG_INFORMATION_FORMAT = "dwarf-with-dsym";
				ENABLE_NS_ASSERTIONS = NO;
				ENABLE_STRICT_OBJC_MSGSEND = YES;
				GCC_C_LANGUAGE_STANDARD = gnu11;
				GCC_NO_COMMON_BLOCKS = YES;
				GCC_WARN_64_TO_32_BIT_CONVERSION = YES;
				GCC_WARN_ABOUT_RETURN_TYPE = YES_ERROR;
				GCC_WARN_UNDECLARED_SELECTOR = YES;
				GCC_WARN_UNINITIALIZED_AUTOS = YES_AGGRESSIVE;
				GCC_WARN_UNUSED_FUNCTION = YES;
				GCC_WARN_UNUSED_VARIABLE = YES;
				IPHONEOS_DEPLOYMENT_TARGET = 14.0;
				MTL_ENABLE_DEBUG_INFO = NO;
				MTL_FAST_MATH = YES;
				SDKROOT = iphoneos;
				SWIFT_COMPILATION_MODE = wholemodule;
				SWIFT_OPTIMIZATION_LEVEL = "-O";
				VALIDATE_PRODUCT = YES;
			};
			name = Release;
		};
		FC01CB9F260613DC00B865D9 /* Debug */ = {
			isa = XCBuildConfiguration;
			buildSettings = {
				ASSETCATALOG_COMPILER_APPICON_NAME = AppIcon;
				ASSETCATALOG_COMPILER_GLOBAL_ACCENT_COLOR_NAME = AccentColor;
				CODE_SIGN_STYLE = Automatic;
				DEVELOPMENT_TEAM = J64343WXVW;
				INFOPLIST_FILE = SHMB/Resources/Info.plist;
				LD_RUNPATH_SEARCH_PATHS = (
					"$(inherited)",
					"@executable_path/Frameworks",
				);
				PRODUCT_BUNDLE_IDENTIFIER = com.amin.benarieb.SHMB;
				PRODUCT_NAME = "$(TARGET_NAME)";
				SWIFT_VERSION = 5.0;
				TARGETED_DEVICE_FAMILY = "1,2";
			};
			name = Debug;
		};
		FC01CBA0260613DC00B865D9 /* Release */ = {
			isa = XCBuildConfiguration;
			buildSettings = {
				ASSETCATALOG_COMPILER_APPICON_NAME = AppIcon;
				ASSETCATALOG_COMPILER_GLOBAL_ACCENT_COLOR_NAME = AccentColor;
				CODE_SIGN_STYLE = Automatic;
				DEVELOPMENT_TEAM = J64343WXVW;
				INFOPLIST_FILE = SHMB/Resources/Info.plist;
				LD_RUNPATH_SEARCH_PATHS = (
					"$(inherited)",
					"@executable_path/Frameworks",
				);
				PRODUCT_BUNDLE_IDENTIFIER = com.amin.benarieb.SHMB;
				PRODUCT_NAME = "$(TARGET_NAME)";
				SWIFT_VERSION = 5.0;
				TARGETED_DEVICE_FAMILY = "1,2";
			};
			name = Release;
		};
		FC01CBA2260613DC00B865D9 /* Debug */ = {
			isa = XCBuildConfiguration;
			buildSettings = {
				ALWAYS_EMBED_SWIFT_STANDARD_LIBRARIES = YES;
				BUNDLE_LOADER = "$(TEST_HOST)";
				CODE_SIGN_STYLE = Automatic;
				DEVELOPMENT_TEAM = J64343WXVW;
				INFOPLIST_FILE = SHMBTests/Info.plist;
				IPHONEOS_DEPLOYMENT_TARGET = 14.4;
				LD_RUNPATH_SEARCH_PATHS = (
					"$(inherited)",
					"@executable_path/Frameworks",
					"@loader_path/Frameworks",
				);
				PRODUCT_BUNDLE_IDENTIFIER = com.cellyai.SHMBTests;
				PRODUCT_NAME = "$(TARGET_NAME)";
				SWIFT_VERSION = 5.0;
				TARGETED_DEVICE_FAMILY = "1,2";
				TEST_HOST = "$(BUILT_PRODUCTS_DIR)/SHMB.app/SHMB";
			};
			name = Debug;
		};
		FC01CBA3260613DC00B865D9 /* Release */ = {
			isa = XCBuildConfiguration;
			buildSettings = {
				ALWAYS_EMBED_SWIFT_STANDARD_LIBRARIES = YES;
				BUNDLE_LOADER = "$(TEST_HOST)";
				CODE_SIGN_STYLE = Automatic;
				DEVELOPMENT_TEAM = J64343WXVW;
				INFOPLIST_FILE = SHMBTests/Info.plist;
				IPHONEOS_DEPLOYMENT_TARGET = 14.4;
				LD_RUNPATH_SEARCH_PATHS = (
					"$(inherited)",
					"@executable_path/Frameworks",
					"@loader_path/Frameworks",
				);
				PRODUCT_BUNDLE_IDENTIFIER = com.cellyai.SHMBTests;
				PRODUCT_NAME = "$(TARGET_NAME)";
				SWIFT_VERSION = 5.0;
				TARGETED_DEVICE_FAMILY = "1,2";
				TEST_HOST = "$(BUILT_PRODUCTS_DIR)/SHMB.app/SHMB";
			};
			name = Release;
		};
		FC01CBA5260613DC00B865D9 /* Debug */ = {
			isa = XCBuildConfiguration;
			buildSettings = {
				ALWAYS_EMBED_SWIFT_STANDARD_LIBRARIES = YES;
				CODE_SIGN_STYLE = Automatic;
				DEVELOPMENT_TEAM = J64343WXVW;
				INFOPLIST_FILE = SHMBUITests/Info.plist;
				LD_RUNPATH_SEARCH_PATHS = (
					"$(inherited)",
					"@executable_path/Frameworks",
					"@loader_path/Frameworks",
				);
				PRODUCT_BUNDLE_IDENTIFIER = com.cellyai.SHMBUITests;
				PRODUCT_NAME = "$(TARGET_NAME)";
				SWIFT_VERSION = 5.0;
				TARGETED_DEVICE_FAMILY = "1,2";
				TEST_TARGET_NAME = SHMB;
			};
			name = Debug;
		};
		FC01CBA6260613DC00B865D9 /* Release */ = {
			isa = XCBuildConfiguration;
			buildSettings = {
				ALWAYS_EMBED_SWIFT_STANDARD_LIBRARIES = YES;
				CODE_SIGN_STYLE = Automatic;
				DEVELOPMENT_TEAM = J64343WXVW;
				INFOPLIST_FILE = SHMBUITests/Info.plist;
				LD_RUNPATH_SEARCH_PATHS = (
					"$(inherited)",
					"@executable_path/Frameworks",
					"@loader_path/Frameworks",
				);
				PRODUCT_BUNDLE_IDENTIFIER = com.cellyai.SHMBUITests;
				PRODUCT_NAME = "$(TARGET_NAME)";
				SWIFT_VERSION = 5.0;
				TARGETED_DEVICE_FAMILY = "1,2";
				TEST_TARGET_NAME = SHMB;
			};
			name = Release;
		};
/* End XCBuildConfiguration section */

/* Begin XCConfigurationList section */
		FC01CB6F260613DA00B865D9 /* Build configuration list for PBXProject "SHMB" */ = {
			isa = XCConfigurationList;
			buildConfigurations = (
				FC01CB9C260613DC00B865D9 /* Debug */,
				FC01CB9D260613DC00B865D9 /* Release */,
			);
			defaultConfigurationIsVisible = 0;
			defaultConfigurationName = Release;
		};
		FC01CB9E260613DC00B865D9 /* Build configuration list for PBXNativeTarget "SHMB" */ = {
			isa = XCConfigurationList;
			buildConfigurations = (
				FC01CB9F260613DC00B865D9 /* Debug */,
				FC01CBA0260613DC00B865D9 /* Release */,
			);
			defaultConfigurationIsVisible = 0;
			defaultConfigurationName = Release;
		};
		FC01CBA1260613DC00B865D9 /* Build configuration list for PBXNativeTarget "SHMBTests" */ = {
			isa = XCConfigurationList;
			buildConfigurations = (
				FC01CBA2260613DC00B865D9 /* Debug */,
				FC01CBA3260613DC00B865D9 /* Release */,
			);
			defaultConfigurationIsVisible = 0;
			defaultConfigurationName = Release;
		};
		FC01CBA4260613DC00B865D9 /* Build configuration list for PBXNativeTarget "SHMBUITests" */ = {
			isa = XCConfigurationList;
			buildConfigurations = (
				FC01CBA5260613DC00B865D9 /* Debug */,
				FC01CBA6260613DC00B865D9 /* Release */,
			);
			defaultConfigurationIsVisible = 0;
			defaultConfigurationName = Release;
		};
/* End XCConfigurationList section */

/* Begin XCVersionGroup section */
		FCE2ACA7260F574700F33D01 /* SHMB.xcdatamodeld */ = {
			isa = XCVersionGroup;
			children = (
				FCE2ACA8260F574700F33D01 /* SHMB.xcdatamodel */,
			);
			currentVersion = FCE2ACA8260F574700F33D01 /* SHMB.xcdatamodel */;
			path = SHMB.xcdatamodeld;
			sourceTree = "<group>";
			versionGroupType = wrapper.xcdatamodel;
		};
/* End XCVersionGroup section */
	};
	rootObject = FC01CB6C260613DA00B865D9 /* Project object */;
}
